
Microsoft Visual Studio Solution File, Format Version 12.00
# Visual Studio Version 16
VisualStudioVersion = 16.0.30204.135
MinimumVisualStudioVersion = 10.0.40219.1
Project("{FAE04EC0-301F-11D3-BF4B-00C04F79EFBC}") = "SonyMDRemote", "SonyMDRemote.csproj", "{8DEB546D-7672-4921-A9B1-7193E12988AA}"
EndProject
Global
	GlobalSection(SolutionConfigurationPlatforms) = preSolution
		Debug|Any CPU = Debug|Any CPU
		Release|Any CPU = Release|Any CPU
	EndGlobalSection
	GlobalSection(ProjectConfigurationPlatforms) = postSolution
		{8DEB546D-7672-4921-A9B1-7193E12988AA}.Debug|Any CPU.ActiveCfg = Debug|Any CPU
		{8DEB546D-7672-4921-A9B1-7193E12988AA}.Debug|Any CPU.Build.0 = Debug|Any CPU
		{8DEB546D-7672-4921-A9B1-7193E12988AA}.Release|Any CPU.ActiveCfg = Release|Any CPU
		{8DEB546D-7672-4921-A9B1-7193E12988AA}.Release|Any CPU.Build.0 = Release|Any CPU
	EndGlobalSection
	GlobalSection(SolutionProperties) = preSolution
		HideSolutionNode = FALSE
	EndGlobalSection
	GlobalSection(ExtensibilityGlobals) = postSolution
		SolutionGuid = {7DB22C35-2BB0-4547-88BD-2C7E094E3ADF}
	EndGlobalSection
EndGlobal
